
Microsoft Visual Studio Solution File, Format Version 12.00
# Visual Studio Version 16
VisualStudioVersion = 16.0.29009.5
MinimumVisualStudioVersion = 10.0.40219.1
Project("{8BC9CEB8-8B4A-11D0-8D11-00A0C91BC942}") = "atc2", "atc2\atc2.vcxproj", "{A415340D-9642-4B63-8AC0-C3B6B7AC0BE5}"
EndProject
Project("{2150E333-8FDC-42A3-9474-1A3956D46DE8}") = "texts", "texts", "{A2E98992-CCB3-44B1-9E39-2B367454C6B7}"
	ProjectSection(SolutionItems) = preProject
		abc161.txt = abc161.txt
		abc162.txt = abc162.txt
		abc164.txt = abc164.txt
		abc165.txt = abc165.txt
		abc166.txt = abc166.txt
		abc168.txt = abc168.txt
		abc170.txt = abc170.txt
		abc171.txt = abc171.txt
		abc172.txt = abc172.txt
		abc174.txt = abc174.txt
		AGC044.txt = AGC044.txt
		AGC045.txt = AGC045.txt
		atcmemo.md = atcmemo.md
		engrish_.ods = engrish_.ods
		master_of_integer.md = master_of_integer.md
		memo.md = memo.md
		memo.txt = memo.txt
		past3.txt = past3.txt
		repeat.txt = repeat.txt
		repeat_english.txt = repeat_english.txt
		repeat_master_of_integer.txt = repeat_master_of_integer.txt
		st_repeat.txt = st_repeat.txt
		tokiomarine2020.txt = tokiomarine2020.txt
	EndProjectSection
EndProject
Project("{FAE04EC0-301F-11D3-BF4B-00C04F79EFBC}") = "Remainder", "Remainder\Remainder.csproj", "{62FF7078-F024-483E-AC61-211CD4F22124}"
EndProject
Global
	GlobalSection(SolutionConfigurationPlatforms) = preSolution
		Debug|Any CPU = Debug|Any CPU
		Debug|x64 = Debug|x64
		Debug|x86 = Debug|x86
		Release|Any CPU = Release|Any CPU
		Release|x64 = Release|x64
		Release|x86 = Release|x86
	EndGlobalSection
	GlobalSection(ProjectConfigurationPlatforms) = postSolution
		{A415340D-9642-4B63-8AC0-C3B6B7AC0BE5}.Debug|Any CPU.ActiveCfg = Debug|Win32
		{A415340D-9642-4B63-8AC0-C3B6B7AC0BE5}.Debug|x64.ActiveCfg = Debug|x64
		{A415340D-9642-4B63-8AC0-C3B6B7AC0BE5}.Debug|x64.Build.0 = Debug|x64
		{A415340D-9642-4B63-8AC0-C3B6B7AC0BE5}.Debug|x86.ActiveCfg = Debug|Win32
		{A415340D-9642-4B63-8AC0-C3B6B7AC0BE5}.Debug|x86.Build.0 = Debug|Win32
		{A415340D-9642-4B63-8AC0-C3B6B7AC0BE5}.Release|Any CPU.ActiveCfg = Release|Win32
		{A415340D-9642-4B63-8AC0-C3B6B7AC0BE5}.Release|x64.ActiveCfg = Release|x64
		{A415340D-9642-4B63-8AC0-C3B6B7AC0BE5}.Release|x64.Build.0 = Release|x64
		{A415340D-9642-4B63-8AC0-C3B6B7AC0BE5}.Release|x86.ActiveCfg = Release|Win32
		{A415340D-9642-4B63-8AC0-C3B6B7AC0BE5}.Release|x86.Build.0 = Release|Win32
		{62FF7078-F024-483E-AC61-211CD4F22124}.Debug|Any CPU.ActiveCfg = Debug|Any CPU
		{62FF7078-F024-483E-AC61-211CD4F22124}.Debug|Any CPU.Build.0 = Debug|Any CPU
		{62FF7078-F024-483E-AC61-211CD4F22124}.Debug|x64.ActiveCfg = Debug|Any CPU
		{62FF7078-F024-483E-AC61-211CD4F22124}.Debug|x86.ActiveCfg = Debug|Any CPU
		{62FF7078-F024-483E-AC61-211CD4F22124}.Debug|x86.Build.0 = Debug|Any CPU
		{62FF7078-F024-483E-AC61-211CD4F22124}.Release|Any CPU.ActiveCfg = Release|Any CPU
		{62FF7078-F024-483E-AC61-211CD4F22124}.Release|Any CPU.Build.0 = Release|Any CPU
		{62FF7078-F024-483E-AC61-211CD4F22124}.Release|x64.ActiveCfg = Release|Any CPU
		{62FF7078-F024-483E-AC61-211CD4F22124}.Release|x64.Build.0 = Release|Any CPU
		{62FF7078-F024-483E-AC61-211CD4F22124}.Release|x86.ActiveCfg = Release|Any CPU
		{62FF7078-F024-483E-AC61-211CD4F22124}.Release|x86.Build.0 = Release|Any CPU
	EndGlobalSection
	GlobalSection(SolutionProperties) = preSolution
		HideSolutionNode = FALSE
	EndGlobalSection
	GlobalSection(ExtensibilityGlobals) = postSolution
		SolutionGuid = {697D9839-89A7-4CA2-8ACB-3C2166F5C264}
	EndGlobalSection
EndGlobal
